# This file was autogenerated by Stack.
# You should not edit this file by hand.
# For more information, please see the documentation at:
#   https://docs.haskellstack.org/en/stable/lock_files

packages:
- completed:
    hackage: HFuse-0.2.5.0@sha256:41620052c8029520634282b889bd64cf28f6b8524266290b1099c638d7e772a8,1929
    pantry-tree:
      size: 368
      sha256: c2ffaef5c8141617e2ab6e5e6b71402da177262662914510d8f7c592a5327cb4
  original:
    hackage: HFuse-0.2.5.0@sha256:41620052c8029520634282b889bd64cf28f6b8524266290b1099c638d7e772a8,1929
snapshots:
- completed:
    size: 498402
    url: https://raw.githubusercontent.com/commercialhaskell/stackage-snapshots/master/lts/13/24.yaml
    sha256: 33e96adfe24f112b62f6edd22565cdbaa13155703bbfbfdc3d0a9bc6138ae7bf
  original: lts-13.24
