# This file was autogenerated by Stack.
# You should not edit this file by hand.
# For more information, please see the documentation at:
#   https://docs.haskellstack.org/en/stable/lock_files

packages:
- completed:
    hackage: ixset-1.1.1@sha256:b51a990fef4f8e82b0f508765a4a19b124df6cb320e64e841f9fc51d58b7ff74,1597
    pantry-tree:
      size: 388
      sha256: 3843dc696f0c93fc6e73051a94455dc08136db684a05af3ad26424cfefdaf4ff
  original:
    hackage: ixset-1.1.1@sha256:b51a990fef4f8e82b0f508765a4a19b124df6cb320e64e841f9fc51d58b7ff74,1597
- completed:
    hackage: syb-with-class-0.6.1.10@sha256:4b2b866a0a2e34e84fd5c817581fb0aba83f2539777a33af44668956d5ec99e1,1528
    pantry-tree:
      size: 477
      sha256: deb169bfdaa6a5be49ba84f1c3ed6f794d128618e70a280dcc3b16e196964930
  original:
    hackage: syb-with-class-0.6.1.10@sha256:4b2b866a0a2e34e84fd5c817581fb0aba83f2539777a33af44668956d5ec99e1,1528
snapshots:
- completed:
    size: 523448
    url: https://raw.githubusercontent.com/commercialhaskell/stackage-snapshots/master/lts/14/1.yaml
    sha256: 0045b9bae36c3bb2dd374c29b586389845af1557eea0423958d152fc500d4fbf
  original: lts-14.1
